
Microsoft Visual Studio Solution File, Format Version 12.00
# Visual Studio Version 16
VisualStudioVersion = 16.0.31515.178
MinimumVisualStudioVersion = 10.0.40219.1
Project("{FAE04EC0-301F-11D3-BF4B-00C04F79EFBC}") = "notitg-external", "notitg-external.csproj", "{DDF976C9-8A44-453A-9F79-768973923FD1}"
EndProject
Global
	GlobalSection(SolutionConfigurationPlatforms) = preSolution
		Debug|Any CPU = Debug|Any CPU
		Release|Any CPU = Release|Any CPU
	EndGlobalSection
	GlobalSection(ProjectConfigurationPlatforms) = postSolution
		{DDF976C9-8A44-453A-9F79-768973923FD1}.Debug|Any CPU.ActiveCfg = Debug|Any CPU
		{DDF976C9-8A44-453A-9F79-768973923FD1}.Debug|Any CPU.Build.0 = Debug|Any CPU
		{DDF976C9-8A44-453A-9F79-768973923FD1}.Release|Any CPU.ActiveCfg = Release|Any CPU
		{DDF976C9-8A44-453A-9F79-768973923FD1}.Release|Any CPU.Build.0 = Release|Any CPU
	EndGlobalSection
	GlobalSection(SolutionProperties) = preSolution
		HideSolutionNode = FALSE
	EndGlobalSection
	GlobalSection(ExtensibilityGlobals) = postSolution
		SolutionGuid = {2CD7334A-5305-4CDB-914A-4DFF530C7CBB}
	EndGlobalSection
EndGlobal
